schema: '2.0'
stages:
  preprocess:
    cmd: python ./src/dvc_pipeline/0_preprocess.py
    deps:
    - path: ./src/dvc_pipeline/0_preprocess.py
      hash: md5
      md5: 788739cc20a6ccbd6b8a4e78e8fb10df
      size: 3304
    params:
      params.yaml:
        preprocess.dropoff_datetime: false
    outs:
    - path: ./data/processed/
      hash: md5
      md5: 97aea50c41652eb631c11dae36920071.dir
      size: 259478795
      nfiles: 1
  transform:
    cmd: python ./src/dvc_pipeline/1_transform.py
    deps:
    - path: ./src/dvc_pipeline/1_transform.py
      hash: md5
      md5: b728c5571575c7f6cd6d8ee227c00321
      size: 2492
    params:
      params.yaml:
        transform.normalise: false
    outs:
    - path: ./data/interim/
      hash: md5
      md5: 32bb2f0771fa974871ed75bb574246fa.dir
      size: 447448073
      nfiles: 3
  train_test_split:
    cmd: python ./src/dvc_pipeline/2_train_test_split.py
    deps:
    - path: ./src/dvc_pipeline/2_train_test_split.py
      hash: md5
      md5: 498bd5f3feb116b1bc8f720b68f4605f
      size: 1341
    params:
      params.yaml:
        dataset.random_state: 42
        dataset.test_size: 0.1
    outs:
    - path: ./data/train_test_split/
      hash: md5
      md5: 1a35199de822217f9aed5492c27ff53f.dir
      size: 439200487
      nfiles: 2
  model:
    cmd: python ./src/dvc_pipeline/3_model.py
    deps:
    - path: ./src/dvc_pipeline/3_model.py
      hash: md5
      md5: d3ce07813286f74441f38b4617ceb5e3
      size: 14276
    params:
      params.yaml:
        model.sample: true
        model.sample_size: 10000
        model.try_model: true
        model.tune_XGBoost: false
        model.tune_gradient_boosting: false
        model.tune_light_boost: false
        model.tune_random_forest: false
    outs:
    - path: ./model/
      hash: md5
      md5: d751713988987e9331980363e24189ce.dir
      size: 0
      nfiles: 0
