schema: '2.0'
stages:
  preprocess:
    cmd: python ./src/dvc_pipeline/0_preprocess.py
    deps:
    - path: ./src/dvc_pipeline/0_preprocess.py
      hash: md5
      md5: 9d4c70da8ad203cdefde0420c597e845
      size: 3180
    params:
      params.yaml:
        preprocess.dropoff_datetime: false
    outs:
    - path: ./data/processed/
      hash: md5
      md5: 6d5d3473e38af4f839c290334d14d9ca.dir
      size: 255346894
      nfiles: 1
  transform:
    cmd: python ./src/dvc_pipeline/1_transform.py
    deps:
    - path: ./src/dvc_pipeline/1_transform.py
      hash: md5
      md5: 013b6884f20fba0b609164ae74f891a6
      size: 2494
    params:
      params.yaml:
        transform.normalise: false
    outs:
    - path: ./data/interim/
      hash: md5
      md5: 06629197430d6625a4ede2ed426cd44a.dir
      size: 418954821
      nfiles: 3
  train_test_split:
    cmd: python ./src/dvc_pipeline/2_train_test_split.py
    deps:
    - path: ./src/dvc_pipeline/2_train_test_split.py
      hash: md5
      md5: 498bd5f3feb116b1bc8f720b68f4605f
      size: 1341
    params:
      params.yaml:
        dataset.random_state: 42
        dataset.test_size: 0.1
    outs:
    - path: ./data/train_test_split/
      hash: md5
      md5: b7e438e8c0bb961dbd59a8cb9003327a.dir
      size: 411170235
      nfiles: 2
  model:
    cmd: python ./src/dvc_pipeline/3_model.py
    deps:
    - path: ./src/dvc_pipeline/3_model.py
      hash: md5
      md5: 509b638d4ecfe537456994e3a5911962
      size: 14276
    params:
      params.yaml:
        model.sample: true
        model.sample_size: 10000
        model.try_model: true
        model.tune_XGBoost: false
        model.tune_gradient_boosting: false
        model.tune_light_boost: false
        model.tune_random_forest: false
    outs:
    - path: ./model/
      hash: md5
      md5: d751713988987e9331980363e24189ce.dir
      size: 0
      nfiles: 0
